
Microsoft Visual Studio Solution File, Format Version 12.00
# Visual Studio 15
VisualStudioVersion = 15.0.28010.2026
MinimumVisualStudioVersion = 10.0.40219.1
Project("{8BC9CEB8-8B4A-11D0-8D11-00A0C91BC942}") = "server_v", "server_v.vcxproj", "{7AAE3D11-9EE4-43DA-8686-0F344C05CCDF}"
EndProject
Global
	GlobalSection(SolutionConfigurationPlatforms) = preSolution
		Debug|x64 = Debug|x64
		Debug|x86 = Debug|x86
		Release|x64 = Release|x64
		Release|x86 = Release|x86
	EndGlobalSection
	GlobalSection(ProjectConfigurationPlatforms) = postSolution
		{7AAE3D11-9EE4-43DA-8686-0F344C05CCDF}.Debug|x64.ActiveCfg = Debug|x64
		{7AAE3D11-9EE4-43DA-8686-0F344C05CCDF}.Debug|x64.Build.0 = Debug|x64
		{7AAE3D11-9EE4-43DA-8686-0F344C05CCDF}.Debug|x86.ActiveCfg = Release|Win32
		{7AAE3D11-9EE4-43DA-8686-0F344C05CCDF}.Debug|x86.Build.0 = Release|Win32
		{7AAE3D11-9EE4-43DA-8686-0F344C05CCDF}.Release|x64.ActiveCfg = Release|x64
		{7AAE3D11-9EE4-43DA-8686-0F344C05CCDF}.Release|x64.Build.0 = Release|x64
		{7AAE3D11-9EE4-43DA-8686-0F344C05CCDF}.Release|x86.ActiveCfg = Release|Win32
		{7AAE3D11-9EE4-43DA-8686-0F344C05CCDF}.Release|x86.Build.0 = Release|Win32
	EndGlobalSection
	GlobalSection(SolutionProperties) = preSolution
		HideSolutionNode = FALSE
	EndGlobalSection
	GlobalSection(ExtensibilityGlobals) = postSolution
		SolutionGuid = {36BA579D-0EF5-4CAC-93B7-1CAAA043D0B7}
	EndGlobalSection
EndGlobal
